
Microsoft Visual Studio Solution File, Format Version 12.00
# Visual Studio Version 17
VisualStudioVersion = 17.9.34310.174
MinimumVisualStudioVersion = 10.0.40219.1
Project("{9A19103F-16F7-4668-BE54-9A1E7A4F7556}") = "WebApp", "WebApp\WebApp.csproj", "{56266540-8B7F-4B61-8D59-B76898D9DABF}"
EndProject
Project("{9A19103F-16F7-4668-BE54-9A1E7A4F7556}") = "Core", "Core\Core.csproj", "{B0F79366-E673-4745-B759-8D1DBA1CA95A}"
EndProject
Project("{9A19103F-16F7-4668-BE54-9A1E7A4F7556}") = "UseCases", "UseCases\UseCases.csproj", "{D6358856-FA4A-4751-8481-BC396FE41863}"
EndProject
Project("{9A19103F-16F7-4668-BE54-9A1E7A4F7556}") = "Plugin.InMemory", "Plugin.InMemory\Plugin.InMemory.csproj", "{309CA505-34C6-416D-844E-DF5125FFF621}"
EndProject
Global
	GlobalSection(SolutionConfigurationPlatforms) = preSolution
		Debug|Any CPU = Debug|Any CPU
		Release|Any CPU = Release|Any CPU
	EndGlobalSection
	GlobalSection(ProjectConfigurationPlatforms) = postSolution
		{56266540-8B7F-4B61-8D59-B76898D9DABF}.Debug|Any CPU.ActiveCfg = Debug|Any CPU
		{56266540-8B7F-4B61-8D59-B76898D9DABF}.Debug|Any CPU.Build.0 = Debug|Any CPU
		{56266540-8B7F-4B61-8D59-B76898D9DABF}.Release|Any CPU.ActiveCfg = Release|Any CPU
		{56266540-8B7F-4B61-8D59-B76898D9DABF}.Release|Any CPU.Build.0 = Release|Any CPU
		{B0F79366-E673-4745-B759-8D1DBA1CA95A}.Debug|Any CPU.ActiveCfg = Debug|Any CPU
		{B0F79366-E673-4745-B759-8D1DBA1CA95A}.Debug|Any CPU.Build.0 = Debug|Any CPU
		{B0F79366-E673-4745-B759-8D1DBA1CA95A}.Release|Any CPU.ActiveCfg = Release|Any CPU
		{B0F79366-E673-4745-B759-8D1DBA1CA95A}.Release|Any CPU.Build.0 = Release|Any CPU
		{D6358856-FA4A-4751-8481-BC396FE41863}.Debug|Any CPU.ActiveCfg = Debug|Any CPU
		{D6358856-FA4A-4751-8481-BC396FE41863}.Debug|Any CPU.Build.0 = Debug|Any CPU
		{D6358856-FA4A-4751-8481-BC396FE41863}.Release|Any CPU.ActiveCfg = Release|Any CPU
		{D6358856-FA4A-4751-8481-BC396FE41863}.Release|Any CPU.Build.0 = Release|Any CPU
		{309CA505-34C6-416D-844E-DF5125FFF621}.Debug|Any CPU.ActiveCfg = Debug|Any CPU
		{309CA505-34C6-416D-844E-DF5125FFF621}.Debug|Any CPU.Build.0 = Debug|Any CPU
		{309CA505-34C6-416D-844E-DF5125FFF621}.Release|Any CPU.ActiveCfg = Release|Any CPU
		{309CA505-34C6-416D-844E-DF5125FFF621}.Release|Any CPU.Build.0 = Release|Any CPU
	EndGlobalSection
	GlobalSection(SolutionProperties) = preSolution
		HideSolutionNode = FALSE
	EndGlobalSection
	GlobalSection(ExtensibilityGlobals) = postSolution
		SolutionGuid = {7C122EDF-F9D0-44F4-8E2B-41F40F4A3645}
	EndGlobalSection
EndGlobal
